// !$*UTF8*$!
{
	archiveVersion = 1;
	classes = {
	};
	objectVersion = 48;
	objects = {

/* Begin PBXBuildFile section */
		1B914B65A483A633166334AF /* Pods_Ryde.framework in Frameworks */ = {isa = PBXBuildFile; fileRef = 4CDB8361464D8C6262DE9606 /* Pods_Ryde.framework */; };
		AF62F0441FFD33C200EA3C23 /* AppDelegate.swift in Sources */ = {isa = PBXBuildFile; fileRef = AF62F0431FFD33C200EA3C23 /* AppDelegate.swift */; };
		AF62F0461FFD33C200EA3C23 /* HomeVC.swift in Sources */ = {isa = PBXBuildFile; fileRef = AF62F0451FFD33C200EA3C23 /* HomeVC.swift */; };
		AF62F0491FFD33C200EA3C23 /* Main.storyboard in Resources */ = {isa = PBXBuildFile; fileRef = AF62F0471FFD33C200EA3C23 /* Main.storyboard */; };
		AF62F04B1FFD33C200EA3C23 /* Assets.xcassets in Resources */ = {isa = PBXBuildFile; fileRef = AF62F04A1FFD33C200EA3C23 /* Assets.xcassets */; };
		AF62F04E1FFD33C200EA3C23 /* LaunchScreen.storyboard in Resources */ = {isa = PBXBuildFile; fileRef = AF62F04C1FFD33C200EA3C23 /* LaunchScreen.storyboard */; };
		AFF248F61FFEFFC70069F51B /* GradientView.swift in Sources */ = {isa = PBXBuildFile; fileRef = AFF248F51FFEFFC70069F51B /* GradientView.swift */; };
		AFF248F81FFF03E90069F51B /* RoundImageView.swift in Sources */ = {isa = PBXBuildFile; fileRef = AFF248F71FFF03E90069F51B /* RoundImageView.swift */; };
		AFF248FA1FFF05190069F51B /* RoundedShadowView.swift in Sources */ = {isa = PBXBuildFile; fileRef = AFF248F91FFF05190069F51B /* RoundedShadowView.swift */; };
		AFF248FC1FFF06490069F51B /* CircleView.swift in Sources */ = {isa = PBXBuildFile; fileRef = AFF248FB1FFF06490069F51B /* CircleView.swift */; };
		AFF248FE1FFF09080069F51B /* RoundedShadowButton.swift in Sources */ = {isa = PBXBuildFile; fileRef = AFF248FD1FFF09080069F51B /* RoundedShadowButton.swift */; };
/* End PBXBuildFile section */

/* Begin PBXFileReference section */
		3B080D82232CD6A481E06BE2 /* Pods-Ryde.debug.xcconfig */ = {isa = PBXFileReference; includeInIndex = 1; lastKnownFileType = text.xcconfig; name = "Pods-Ryde.debug.xcconfig"; path = "Pods/Target Support Files/Pods-Ryde/Pods-Ryde.debug.xcconfig"; sourceTree = "<group>"; };
		43167D0FC888CB126FB3934C /* Pods-Ryde.release.xcconfig */ = {isa = PBXFileReference; includeInIndex = 1; lastKnownFileType = text.xcconfig; name = "Pods-Ryde.release.xcconfig"; path = "Pods/Target Support Files/Pods-Ryde/Pods-Ryde.release.xcconfig"; sourceTree = "<group>"; };
		4CDB8361464D8C6262DE9606 /* Pods_Ryde.framework */ = {isa = PBXFileReference; explicitFileType = wrapper.framework; includeInIndex = 0; path = Pods_Ryde.framework; sourceTree = BUILT_PRODUCTS_DIR; };
		AF62F0401FFD33C200EA3C23 /* Ryde.app */ = {isa = PBXFileReference; explicitFileType = wrapper.application; includeInIndex = 0; path = Ryde.app; sourceTree = BUILT_PRODUCTS_DIR; };
		AF62F0431FFD33C200EA3C23 /* AppDelegate.swift */ = {isa = PBXFileReference; lastKnownFileType = sourcecode.swift; path = AppDelegate.swift; sourceTree = "<group>"; };
		AF62F0451FFD33C200EA3C23 /* HomeVC.swift */ = {isa = PBXFileReference; lastKnownFileType = sourcecode.swift; path = HomeVC.swift; sourceTree = "<group>"; };
		AF62F0481FFD33C200EA3C23 /* Base */ = {isa = PBXFileReference; lastKnownFileType = file.storyboard; name = Base; path = Base.lproj/Main.storyboard; sourceTree = "<group>"; };
		AF62F04A1FFD33C200EA3C23 /* Assets.xcassets */ = {isa = PBXFileReference; lastKnownFileType = folder.assetcatalog; path = Assets.xcassets; sourceTree = "<group>"; };
		AF62F04D1FFD33C200EA3C23 /* Base */ = {isa = PBXFileReference; lastKnownFileType = file.storyboard; name = Base; path = Base.lproj/LaunchScreen.storyboard; sourceTree = "<group>"; };
		AF62F04F1FFD33C200EA3C23 /* Info.plist */ = {isa = PBXFileReference; lastKnownFileType = text.plist.xml; path = Info.plist; sourceTree = "<group>"; };
		AFF248F51FFEFFC70069F51B /* GradientView.swift */ = {isa = PBXFileReference; lastKnownFileType = sourcecode.swift; path = GradientView.swift; sourceTree = "<group>"; };
		AFF248F71FFF03E90069F51B /* RoundImageView.swift */ = {isa = PBXFileReference; lastKnownFileType = sourcecode.swift; path = RoundImageView.swift; sourceTree = "<group>"; };
		AFF248F91FFF05190069F51B /* RoundedShadowView.swift */ = {isa = PBXFileReference; lastKnownFileType = sourcecode.swift; path = RoundedShadowView.swift; sourceTree = "<group>"; };
		AFF248FB1FFF06490069F51B /* CircleView.swift */ = {isa = PBXFileReference; lastKnownFileType = sourcecode.swift; path = CircleView.swift; sourceTree = "<group>"; };
		AFF248FD1FFF09080069F51B /* RoundedShadowButton.swift */ = {isa = PBXFileReference; lastKnownFileType = sourcecode.swift; path = RoundedShadowButton.swift; sourceTree = "<group>"; };
/* End PBXFileReference section */

/* Begin PBXFrameworksBuildPhase section */
		AF62F03D1FFD33C200EA3C23 /* Frameworks */ = {
			isa = PBXFrameworksBuildPhase;
			buildActionMask = 2147483647;
			files = (
				1B914B65A483A633166334AF /* Pods_Ryde.framework in Frameworks */,
			);
			runOnlyForDeploymentPostprocessing = 0;
		};
/* End PBXFrameworksBuildPhase section */

/* Begin PBXGroup section */
		0FD7C4805BD63833CA549E8F /* Frameworks */ = {
			isa = PBXGroup;
			children = (
				4CDB8361464D8C6262DE9606 /* Pods_Ryde.framework */,
			);
			name = Frameworks;
			sourceTree = "<group>";
		};
		AB3444107E4B41EA99A13094 /* Pods */ = {
			isa = PBXGroup;
			children = (
				3B080D82232CD6A481E06BE2 /* Pods-Ryde.debug.xcconfig */,
				43167D0FC888CB126FB3934C /* Pods-Ryde.release.xcconfig */,
			);
			name = Pods;
			sourceTree = "<group>";
		};
		AF62F0371FFD33C200EA3C23 = {
			isa = PBXGroup;
			children = (
				AF62F0421FFD33C200EA3C23 /* Ryde */,
				AF62F0411FFD33C200EA3C23 /* Products */,
				AB3444107E4B41EA99A13094 /* Pods */,
				0FD7C4805BD63833CA549E8F /* Frameworks */,
			);
			sourceTree = "<group>";
		};
		AF62F0411FFD33C200EA3C23 /* Products */ = {
			isa = PBXGroup;
			children = (
				AF62F0401FFD33C200EA3C23 /* Ryde.app */,
			);
			name = Products;
			sourceTree = "<group>";
		};
		AF62F0421FFD33C200EA3C23 /* Ryde */ = {
			isa = PBXGroup;
			children = (
				AFF248F41FFEFF870069F51B /* Model */,
				AFF248F31FFEFF7D0069F51B /* View */,
				AFF248F21FFEFF530069F51B /* Controller */,
				AF62F0431FFD33C200EA3C23 /* AppDelegate.swift */,
				AF62F0451FFD33C200EA3C23 /* HomeVC.swift */,
				AF62F0471FFD33C200EA3C23 /* Main.storyboard */,
				AF62F04A1FFD33C200EA3C23 /* Assets.xcassets */,
				AF62F04C1FFD33C200EA3C23 /* LaunchScreen.storyboard */,
				AF62F04F1FFD33C200EA3C23 /* Info.plist */,
			);
			path = Ryde;
			sourceTree = "<group>";
		};
		AFF248F21FFEFF530069F51B /* Controller */ = {
			isa = PBXGroup;
			children = (
			);
			path = Controller;
			sourceTree = "<group>";
		};
		AFF248F31FFEFF7D0069F51B /* View */ = {
			isa = PBXGroup;
			children = (
				AFF248F51FFEFFC70069F51B /* GradientView.swift */,
				AFF248F71FFF03E90069F51B /* RoundImageView.swift */,
				AFF248F91FFF05190069F51B /* RoundedShadowView.swift */,
				AFF248FB1FFF06490069F51B /* CircleView.swift */,
				AFF248FD1FFF09080069F51B /* RoundedShadowButton.swift */,
			);
			path = View;
			sourceTree = "<group>";
		};
		AFF248F41FFEFF870069F51B /* Model */ = {
			isa = PBXGroup;
			children = (
			);
			path = Model;
			sourceTree = "<group>";
		};
/* End PBXGroup section */

/* Begin PBXNativeTarget section */
		AF62F03F1FFD33C200EA3C23 /* Ryde */ = {
			isa = PBXNativeTarget;
			buildConfigurationList = AF62F0521FFD33C200EA3C23 /* Build configuration list for PBXNativeTarget "Ryde" */;
			buildPhases = (
				E2023BD47833262E4FF6641D /* [CP] Check Pods Manifest.lock */,
				AF62F03C1FFD33C200EA3C23 /* Sources */,
				AF62F03D1FFD33C200EA3C23 /* Frameworks */,
				AF62F03E1FFD33C200EA3C23 /* Resources */,
				B0EAA3553FCA7F05A5923139 /* [CP] Embed Pods Frameworks */,
				2F700D4F9FD0251E239E7223 /* [CP] Copy Pods Resources */,
			);
			buildRules = (
			);
			dependencies = (
			);
			name = Ryde;
			productName = Ryde;
			productReference = AF62F0401FFD33C200EA3C23 /* Ryde.app */;
			productType = "com.apple.product-type.application";
		};
/* End PBXNativeTarget section */

/* Begin PBXProject section */
		AF62F0381FFD33C200EA3C23 /* Project object */ = {
			isa = PBXProject;
			attributes = {
				LastSwiftUpdateCheck = 0920;
				LastUpgradeCheck = 0920;
				ORGANIZATIONNAME = "Au Development";
				TargetAttributes = {
					AF62F03F1FFD33C200EA3C23 = {
						CreatedOnToolsVersion = 9.2;
						ProvisioningStyle = Automatic;
					};
				};
			};
			buildConfigurationList = AF62F03B1FFD33C200EA3C23 /* Build configuration list for PBXProject "Ryde" */;
			compatibilityVersion = "Xcode 8.0";
			developmentRegion = en;
			hasScannedForEncodings = 0;
			knownRegions = (
				en,
				Base,
			);
			mainGroup = AF62F0371FFD33C200EA3C23;
			productRefGroup = AF62F0411FFD33C200EA3C23 /* Products */;
			projectDirPath = "";
			projectRoot = "";
			targets = (
				AF62F03F1FFD33C200EA3C23 /* Ryde */,
			);
		};
/* End PBXProject section */

/* Begin PBXResourcesBuildPhase section */
		AF62F03E1FFD33C200EA3C23 /* Resources */ = {
			isa = PBXResourcesBuildPhase;
			buildActionMask = 2147483647;
			files = (
				AF62F04E1FFD33C200EA3C23 /* LaunchScreen.storyboard in Resources */,
				AF62F04B1FFD33C200EA3C23 /* Assets.xcassets in Resources */,
				AF62F0491FFD33C200EA3C23 /* Main.storyboard in Resources */,
			);
			runOnlyForDeploymentPostprocessing = 0;
		};
/* End PBXResourcesBuildPhase section */

/* Begin PBXShellScriptBuildPhase section */
		2F700D4F9FD0251E239E7223 /* [CP] Copy Pods Resources */ = {
			isa = PBXShellScriptBuildPhase;
			buildActionMask = 2147483647;
			files = (
			);
			inputPaths = (
			);
			name = "[CP] Copy Pods Resources";
			outputPaths = (
			);
			runOnlyForDeploymentPostprocessing = 0;
			shellPath = /bin/sh;
			shellScript = "\"${SRCROOT}/Pods/Target Support Files/Pods-Ryde/Pods-Ryde-resources.sh\"\n";
			showEnvVarsInLog = 0;
		};
		B0EAA3553FCA7F05A5923139 /* [CP] Embed Pods Frameworks */ = {
			isa = PBXShellScriptBuildPhase;
			buildActionMask = 2147483647;
			files = (
			);
			inputPaths = (
				"${SRCROOT}/Pods/Target Support Files/Pods-Ryde/Pods-Ryde-frameworks.sh",
				"${BUILT_PRODUCTS_DIR}/GTMSessionFetcher/GTMSessionFetcher.framework",
				"${BUILT_PRODUCTS_DIR}/GoogleToolboxForMac/GoogleToolboxForMac.framework",
				"${BUILT_PRODUCTS_DIR}/RevealingSplashView/RevealingSplashView.framework",
				"${BUILT_PRODUCTS_DIR}/leveldb-library/leveldb.framework",
				"${BUILT_PRODUCTS_DIR}/nanopb/nanopb.framework",
			);
			name = "[CP] Embed Pods Frameworks";
			outputPaths = (
				"${TARGET_BUILD_DIR}/${FRAMEWORKS_FOLDER_PATH}/GTMSessionFetcher.framework",
				"${TARGET_BUILD_DIR}/${FRAMEWORKS_FOLDER_PATH}/GoogleToolboxForMac.framework",
				"${TARGET_BUILD_DIR}/${FRAMEWORKS_FOLDER_PATH}/RevealingSplashView.framework",
				"${TARGET_BUILD_DIR}/${FRAMEWORKS_FOLDER_PATH}/leveldb.framework",
				"${TARGET_BUILD_DIR}/${FRAMEWORKS_FOLDER_PATH}/nanopb.framework",
			);
			runOnlyForDeploymentPostprocessing = 0;
			shellPath = /bin/sh;
			shellScript = "\"${SRCROOT}/Pods/Target Support Files/Pods-Ryde/Pods-Ryde-frameworks.sh\"\n";
			showEnvVarsInLog = 0;
		};
		E2023BD47833262E4FF6641D /* [CP] Check Pods Manifest.lock */ = {
			isa = PBXShellScriptBuildPhase;
			buildActionMask = 2147483647;
			files = (
			);
			inputPaths = (
				"${PODS_PODFILE_DIR_PATH}/Podfile.lock",
				"${PODS_ROOT}/Manifest.lock",
			);
			name = "[CP] Check Pods Manifest.lock";
			outputPaths = (
				"$(DERIVED_FILE_DIR)/Pods-Ryde-checkManifestLockResult.txt",
			);
			runOnlyForDeploymentPostprocessing = 0;
			shellPath = /bin/sh;
			shellScript = "diff \"${PODS_PODFILE_DIR_PATH}/Podfile.lock\" \"${PODS_ROOT}/Manifest.lock\" > /dev/null\nif [ $? != 0 ] ; then\n    # print error to STDERR\n    echo \"error: The sandbox is not in sync with the Podfile.lock. Run 'pod install' or update your CocoaPods installation.\" >&2\n    exit 1\nfi\n# This output is used by Xcode 'outputs' to avoid re-running this script phase.\necho \"SUCCESS\" > \"${SCRIPT_OUTPUT_FILE_0}\"\n";
			showEnvVarsInLog = 0;
		};
/* End PBXShellScriptBuildPhase section */

/* Begin PBXSourcesBuildPhase section */
		AF62F03C1FFD33C200EA3C23 /* Sources */ = {
			isa = PBXSourcesBuildPhase;
			buildActionMask = 2147483647;
			files = (
				AFF248FE1FFF09080069F51B /* RoundedShadowButton.swift in Sources */,
				AFF248FC1FFF06490069F51B /* CircleView.swift in Sources */,
				AF62F0461FFD33C200EA3C23 /* HomeVC.swift in Sources */,
				AFF248F81FFF03E90069F51B /* RoundImageView.swift in Sources */,
				AFF248FA1FFF05190069F51B /* RoundedShadowView.swift in Sources */,
				AF62F0441FFD33C200EA3C23 /* AppDelegate.swift in Sources */,
				AFF248F61FFEFFC70069F51B /* GradientView.swift in Sources */,
			);
			runOnlyForDeploymentPostprocessing = 0;
		};
/* End PBXSourcesBuildPhase section */

/* Begin PBXVariantGroup section */
		AF62F0471FFD33C200EA3C23 /* Main.storyboard */ = {
			isa = PBXVariantGroup;
			children = (
				AF62F0481FFD33C200EA3C23 /* Base */,
			);
			name = Main.storyboard;
			sourceTree = "<group>";
		};
		AF62F04C1FFD33C200EA3C23 /* LaunchScreen.storyboard */ = {
			isa = PBXVariantGroup;
			children = (
				AF62F04D1FFD33C200EA3C23 /* Base */,
			);
			name = LaunchScreen.storyboard;
			sourceTree = "<group>";
		};
/* End PBXVariantGroup section */

/* Begin XCBuildConfiguration section */
		AF62F0501FFD33C200EA3C23 /* Debug */ = {
			isa = XCBuildConfiguration;
			buildSettings = {
				ALWAYS_SEARCH_USER_PATHS = NO;
				CLANG_ANALYZER_NONNULL = YES;
				CLANG_ANALYZER_NUMBER_OBJECT_CONVERSION = YES_AGGRESSIVE;
				CLANG_CXX_LANGUAGE_STANDARD = "gnu++14";
				CLANG_CXX_LIBRARY = "libc++";
				CLANG_ENABLE_MODULES = YES;
				CLANG_ENABLE_OBJC_ARC = YES;
				CLANG_WARN_BLOCK_CAPTURE_AUTORELEASING = YES;
				CLANG_WARN_BOOL_CONVERSION = YES;
				CLANG_WARN_COMMA = YES;
				CLANG_WARN_CONSTANT_CONVERSION = YES;
				CLANG_WARN_DIRECT_OBJC_ISA_USAGE = YES_ERROR;
				CLANG_WARN_DOCUMENTATION_COMMENTS = YES;
				CLANG_WARN_EMPTY_BODY = YES;
				CLANG_WARN_ENUM_CONVERSION = YES;
				CLANG_WARN_INFINITE_RECURSION = YES;
				CLANG_WARN_INT_CONVERSION = YES;
				CLANG_WARN_NON_LITERAL_NULL_CONVERSION = YES;
				CLANG_WARN_OBJC_LITERAL_CONVERSION = YES;
				CLANG_WARN_OBJC_ROOT_CLASS = YES_ERROR;
				CLANG_WARN_RANGE_LOOP_ANALYSIS = YES;
				CLANG_WARN_STRICT_PROTOTYPES = YES;
				CLANG_WARN_SUSPICIOUS_MOVE = YES;
				CLANG_WARN_UNGUARDED_AVAILABILITY = YES_AGGRESSIVE;
				CLANG_WARN_UNREACHABLE_CODE = YES;
				CLANG_WARN__DUPLICATE_METHOD_MATCH = YES;
				CODE_SIGN_IDENTITY = "iPhone Developer";
				COPY_PHASE_STRIP = NO;
				DEBUG_INFORMATION_FORMAT = dwarf;
				ENABLE_STRICT_OBJC_MSGSEND = YES;
				ENABLE_TESTABILITY = YES;
				GCC_C_LANGUAGE_STANDARD = gnu11;
				GCC_DYNAMIC_NO_PIC = NO;
				GCC_NO_COMMON_BLOCKS = YES;
				GCC_OPTIMIZATION_LEVEL = 0;
				GCC_PREPROCESSOR_DEFINITIONS = (
					"DEBUG=1",
					"$(inherited)",
				);
				GCC_WARN_64_TO_32_BIT_CONVERSION = YES;
				GCC_WARN_ABOUT_RETURN_TYPE = YES_ERROR;
				GCC_WARN_UNDECLARED_SELECTOR = YES;
				GCC_WARN_UNINITIALIZED_AUTOS = YES_AGGRESSIVE;
				GCC_WARN_UNUSED_FUNCTION = YES;
				GCC_WARN_UNUSED_VARIABLE = YES;
				IPHONEOS_DEPLOYMENT_TARGET = 11.2;
				MTL_ENABLE_DEBUG_INFO = YES;
				ONLY_ACTIVE_ARCH = YES;
				SDKROOT = iphoneos;
				SWIFT_ACTIVE_COMPILATION_CONDITIONS = DEBUG;
				SWIFT_OPTIMIZATION_LEVEL = "-Onone";
			};
			name = Debug;
		};
		AF62F0511FFD33C200EA3C23 /* Release */ = {
			isa = XCBuildConfiguration;
			buildSettings = {
				ALWAYS_SEARCH_USER_PATHS = NO;
				CLANG_ANALYZER_NONNULL = YES;
				CLANG_ANALYZER_NUMBER_OBJECT_CONVERSION = YES_AGGRESSIVE;
				CLANG_CXX_LANGUAGE_STANDARD = "gnu++14";
				CLANG_CXX_LIBRARY = "libc++";
				CLANG_ENABLE_MODULES = YES;
				CLANG_ENABLE_OBJC_ARC = YES;
				CLANG_WARN_BLOCK_CAPTURE_AUTORELEASING = YES;
				CLANG_WARN_BOOL_CONVERSION = YES;
				CLANG_WARN_COMMA = YES;
				CLANG_WARN_CONSTANT_CONVERSION = YES;
				CLANG_WARN_DIRECT_OBJC_ISA_USAGE = YES_ERROR;
				CLANG_WARN_DOCUMENTATION_COMMENTS = YES;
				CLANG_WARN_EMPTY_BODY = YES;
				CLANG_WARN_ENUM_CONVERSION = YES;
				CLANG_WARN_INFINITE_RECURSION = YES;
				CLANG_WARN_INT_CONVERSION = YES;
				CLANG_WARN_NON_LITERAL_NULL_CONVERSION = YES;
				CLANG_WARN_OBJC_LITERAL_CONVERSION = YES;
				CLANG_WARN_OBJC_ROOT_CLASS = YES_ERROR;
				CLANG_WARN_RANGE_LOOP_ANALYSIS = YES;
				CLANG_WARN_STRICT_PROTOTYPES = YES;
				CLANG_WARN_SUSPICIOUS_MOVE = YES;
				CLANG_WARN_UNGUARDED_AVAILABILITY = YES_AGGRESSIVE;
				CLANG_WARN_UNREACHABLE_CODE = YES;
				CLANG_WARN__DUPLICATE_METHOD_MATCH = YES;
				CODE_SIGN_IDENTITY = "iPhone Developer";
				COPY_PHASE_STRIP = NO;
				DEBUG_INFORMATION_FORMAT = "dwarf-with-dsym";
				ENABLE_NS_ASSERTIONS = NO;
				ENABLE_STRICT_OBJC_MSGSEND = YES;
				GCC_C_LANGUAGE_STANDARD = gnu11;
				GCC_NO_COMMON_BLOCKS = YES;
				GCC_WARN_64_TO_32_BIT_CONVERSION = YES;
				GCC_WARN_ABOUT_RETURN_TYPE = YES_ERROR;
				GCC_WARN_UNDECLARED_SELECTOR = YES;
				GCC_WARN_UNINITIALIZED_AUTOS = YES_AGGRESSIVE;
				GCC_WARN_UNUSED_FUNCTION = YES;
				GCC_WARN_UNUSED_VARIABLE = YES;
				IPHONEOS_DEPLOYMENT_TARGET = 11.2;
				MTL_ENABLE_DEBUG_INFO = NO;
				SDKROOT = iphoneos;
				SWIFT_OPTIMIZATION_LEVEL = "-Owholemodule";
				VALIDATE_PRODUCT = YES;
			};
			name = Release;
		};
		AF62F0531FFD33C200EA3C23 /* Debug */ = {
			isa = XCBuildConfiguration;
			baseConfigurationReference = 3B080D82232CD6A481E06BE2 /* Pods-Ryde.debug.xcconfig */;
			buildSettings = {
				ASSETCATALOG_COMPILER_APPICON_NAME = AppIcon;
				CODE_SIGN_STYLE = Automatic;
				DEVELOPMENT_TEAM = ZZG8UTD9XW;
				INFOPLIST_FILE = Ryde/Info.plist;
				LD_RUNPATH_SEARCH_PATHS = "$(inherited) @executable_path/Frameworks";
				PRODUCT_BUNDLE_IDENTIFIER = com.audevelopmentllc.Ryde;
				PRODUCT_NAME = "$(TARGET_NAME)";
				SWIFT_VERSION = 4.0;
				TARGETED_DEVICE_FAMILY = "1,2";
			};
			name = Debug;
		};
		AF62F0541FFD33C200EA3C23 /* Release */ = {
			isa = XCBuildConfiguration;
			baseConfigurationReference = 43167D0FC888CB126FB3934C /* Pods-Ryde.release.xcconfig */;
			buildSettings = {
				ASSETCATALOG_COMPILER_APPICON_NAME = AppIcon;
				CODE_SIGN_STYLE = Automatic;
				DEVELOPMENT_TEAM = ZZG8UTD9XW;
				INFOPLIST_FILE = Ryde/Info.plist;
				LD_RUNPATH_SEARCH_PATHS = "$(inherited) @executable_path/Frameworks";
				PRODUCT_BUNDLE_IDENTIFIER = com.audevelopmentllc.Ryde;
				PRODUCT_NAME = "$(TARGET_NAME)";
				SWIFT_VERSION = 4.0;
				TARGETED_DEVICE_FAMILY = "1,2";
			};
			name = Release;
		};
/* End XCBuildConfiguration section */

/* Begin XCConfigurationList section */
		AF62F03B1FFD33C200EA3C23 /* Build configuration list for PBXProject "Ryde" */ = {
			isa = XCConfigurationList;
			buildConfigurations = (
				AF62F0501FFD33C200EA3C23 /* Debug */,
				AF62F0511FFD33C200EA3C23 /* Release */,
			);
			defaultConfigurationIsVisible = 0;
			defaultConfigurationName = Release;
		};
		AF62F0521FFD33C200EA3C23 /* Build configuration list for PBXNativeTarget "Ryde" */ = {
			isa = XCConfigurationList;
			buildConfigurations = (
				AF62F0531FFD33C200EA3C23 /* Debug */,
				AF62F0541FFD33C200EA3C23 /* Release */,
			);
			defaultConfigurationIsVisible = 0;
			defaultConfigurationName = Release;
		};
/* End XCConfigurationList section */
	};
	rootObject = AF62F0381FFD33C200EA3C23 /* Project object */;
}
